{
  "name": "s9b-compiler",
  "version": "0.0.0",
  "lockfileVersion": 1,
  "requires": true,
  "dependencies": {
    "@types/string-similarity": {
      "version": "3.0.0",
      "resolved": "https://registry.npmjs.org/@types/string-similarity/-/string-similarity-3.0.0.tgz",
      "integrity": "sha512-vhHkPKxl0cudrbxr5Dog1HVgUGXtmyYP95qy1da/h5gFEzIqDMN/+SjJAS7/6DEAdeI+AJQX8zrdWXL3wP4FRA=="
    },
    "string-similarity": {
      "version": "4.0.1",
      "resolved": "https://registry.npmjs.org/string-similarity/-/string-similarity-4.0.1.tgz",
      "integrity": "sha512-v36MJzloekKVvKAsYi6O/qpn2mIuvwEFIT9Gx3yg4spkNjXYsk7yxc37g4ZTyMVIBvt/9PZGxnqEtme8XHK+Mw=="
    },
    "typescript": {
      "version": "3.8.3",
      "resolved": "https://registry.npmjs.org/typescript/-/typescript-3.8.3.tgz",
      "integrity": "sha512-MYlEfn5VrLNsgudQTVJeNaQFUAI7DkhnOjdpAp4T+ku1TfQClewlbSuTVHiA+8skNBgaf02TL/kLOvig4y3G8w==",
      "dev": true
    }
  }
}
